{
  "name": "ng-google-places-autocomplete",
  "version": "0.0.1",
  "lockfileVersion": 1,
  "requires": true,
  "dependencies": {
    "@types/googlemaps": {
      "version": "3.39.2",
      "resolved": "https://registry.npmjs.org/@types/googlemaps/-/googlemaps-3.39.2.tgz",
      "integrity": "sha512-eQNK23aCejjTF/HCzMObVPisnj6oBpWerhKpm849xW5JYocIHpnHnGYzWc9w076hIEpMt0bAxyPOaCoruYeGqg==",
      "dev": true
    },
    "@ueler/ng-lazyload-script": {
      "version": "0.0.4",
      "resolved": "https://registry.npmjs.org/@ueler/ng-lazyload-script/-/ng-lazyload-script-0.0.4.tgz",
      "integrity": "sha512-aJj8KYDl/g0o6njmHjuIjcMnnOV9nftm3/02R3ApTcXan85Aks3DfKnD3LZcxjHzpCShliH1pYmRYYVcByI4LQ==",
      "requires": {
        "tslib": "^1.9.0"
      }
    },
    "ngx-bootstrap": {
      "version": "5.3.2",
      "resolved": "https://registry.npmjs.org/ngx-bootstrap/-/ngx-bootstrap-5.3.2.tgz",
      "integrity": "sha512-gSMf8EXYl99Q3gqkq4RVhoTNSTYHz2Or6Cig2BJRbLJyqk15ZQE5qcq/ldHS8zzx/wgCA3HQeI63t2j2mEU9PA==",
      "dev": true
    },
    "tslib": {
      "version": "1.10.0",
      "resolved": "https://registry.npmjs.org/tslib/-/tslib-1.10.0.tgz",
      "integrity": "sha512-qOebF53frne81cf0S9B41ByenJ3/IuH8yJKngAX35CmiZySA0khhkovshKK+jGCaMnVomla7gVlIcc3EvKPbTQ=="
    }
  }
}
