{
  "name": "ng-google-places-autocomplete-example",
  "version": "0.0.0",
  "lockfileVersion": 1,
  "requires": true,
  "dependencies": {
    "@types/googlemaps": {
      "version": "3.39.2",
      "resolved": "https://registry.npmjs.org/@types/googlemaps/-/googlemaps-3.39.2.tgz",
      "integrity": "sha512-eQNK23aCejjTF/HCzMObVPisnj6oBpWerhKpm849xW5JYocIHpnHnGYzWc9w076hIEpMt0bAxyPOaCoruYeGqg==",
      "dev": true
    },
    "bootstrap": {
      "version": "4.4.1",
      "resolved": "https://registry.npmjs.org/bootstrap/-/bootstrap-4.4.1.tgz",
      "integrity": "sha512-tbx5cHubwE6e2ZG7nqM3g/FZ5PQEDMWmMGNrCUBVRPHXTJaH7CBDdsLeu3eCh3B1tzAxTnAbtmrzvWEvT2NNEA=="
    },
    "ngx-bootstrap": {
      "version": "5.3.2",
      "resolved": "https://registry.npmjs.org/ngx-bootstrap/-/ngx-bootstrap-5.3.2.tgz",
      "integrity": "sha512-gSMf8EXYl99Q3gqkq4RVhoTNSTYHz2Or6Cig2BJRbLJyqk15ZQE5qcq/ldHS8zzx/wgCA3HQeI63t2j2mEU9PA=="
    }
  }
}
